github.com/felixge/httpsnoop v1.0.1 h1:lvB5Jl89CsZtGIWuTcDM1E/vkVs49/Ml7JJe07l8SPQ=
github.com/felixge/httpsnoop v1.0.1/go.mod h1:m8KPJKqk1gH5J9DgRY2ASl2lWCfGKXixSwevea8zH2U=
github.com/gorilla/handlers v1.5.1 h1:9lRY6j8DEeeBT10CvO9hGW0gmky0BprnvDI5vfhUHH4=
github.com/gorilla/handlers v1.5.1/go.mod h1:t8XrUpc4KVXb7HGyJ4/cEnwQiaxrX/hz1Zv/4g96P1Q=
github.com/harukasan/go-libwebp v0.0.0-20190703060927-68562c9c99af h1:WmgySY+bcDEGQ42RmkJhL5cPbnWi3nFpAyRuRxoofDY=
github.com/harukasan/go-libwebp v0.0.0-20190703060927-68562c9c99af/go.mod h1:ldE44ycRKJi6dVHIWnbUlEJqHQUhK5gJ4TKIfAwFbCg=
golang.org/x/image v0.0.0-20200927005634-a67d67e0935b h1:89/bJY/WM5isgJh5o9bQ78Wu54tN5gZwkC+he5Q7vbM=
golang.org/x/image v0.0.0-20200927005634-a67d67e0935b/go.mod h1:FeLwcggjj3mMvU+oOTbSwawSJRM1uh48EjtB4UJZlP0=
golang.org/x/text v0.3.0/go.mod h1:NqM8EUOU14njkJ3fqMW+pc6Ldnwhi/IjpwHt7yyuwOQ=
