github.com/harukasan/go-libwebp v0.0.0-20190703060927-68562c9c99af h1:WmgySY+bcDEGQ42RmkJhL5cPbnWi3nFpAyRuRxoofDY=
github.com/harukasan/go-libwebp v0.0.0-20190703060927-68562c9c99af/go.mod h1:ldE44ycRKJi6dVHIWnbUlEJqHQUhK5gJ4TKIfAwFbCg=
golang.org/x/image v0.0.0-20190823064033-3a9bac650e44 h1:1/e6LjNi7iqpDTz8tCLSKoR5dqrX4C3ub4H31JJZM4U=
golang.org/x/image v0.0.0-20190823064033-3a9bac650e44/go.mod h1:FeLwcggjj3mMvU+oOTbSwawSJRM1uh48EjtB4UJZlP0=
golang.org/x/text v0.3.0/go.mod h1:NqM8EUOU14njkJ3fqMW+pc6Ldnwhi/IjpwHt7yyuwOQ=
