# This file is autogenerated, do not edit; changes may be undone by the next 'dep ensure'.


[[projects]]
  branch = "master"
  name = "github.com/harukasan/go-libwebp"
  packages = ["webp"]
  revision = "de5a25c05e7dde11a747848848202e4b75684d78"

[[projects]]
  name = "github.com/pixiv/go-libjpeg"
  packages = ["jpeg","rgb"]
  revision = "c49be700eba7cab5904c763ae8f0a0e2c5786c35"
  version = "v0.2"

[solve-meta]
  analyzer-name = "dep"
  analyzer-version = 1
  inputs-digest = "52853ca1267b33c7fc7eddad27fbfecdb1f9d271ac53fbf767fa6c55af141f73"
  solver-name = "gps-cdcl"
  solver-version = 1
